
Microsoft Visual Studio Solution File, Format Version 12.00
# Visual Studio 15
VisualStudioVersion = 15.0.27130.2020
MinimumVisualStudioVersion = 10.0.40219.1
Project("{FAE04EC0-301F-11D3-BF4B-00C04F79EFBC}") = "SportsStore.Domain", "SportsStore.Domain\SportsStore.Domain.csproj", "{ABFA8321-215E-4B8B-A9F9-DB5F22557CC7}"
EndProject
Project("{FAE04EC0-301F-11D3-BF4B-00C04F79EFBC}") = "SportsStore.WebUI", "SportsStore.WebUI\SportsStore.WebUI.csproj", "{63FF044E-84E6-45ED-9231-95896AEF7A3E}"
	ProjectSection(ProjectDependencies) = postProject
		{ABFA8321-215E-4B8B-A9F9-DB5F22557CC7} = {ABFA8321-215E-4B8B-A9F9-DB5F22557CC7}
	EndProjectSection
EndProject
Project("{FAE04EC0-301F-11D3-BF4B-00C04F79EFBC}") = "SportsStore.UnitTests", "SportsStore.UnitTests\SportsStore.UnitTests.csproj", "{ADB9E663-F317-4453-B056-DC4556D4B3CA}"
	ProjectSection(ProjectDependencies) = postProject
		{ABFA8321-215E-4B8B-A9F9-DB5F22557CC7} = {ABFA8321-215E-4B8B-A9F9-DB5F22557CC7}
	EndProjectSection
EndProject
Global
	GlobalSection(SolutionConfigurationPlatforms) = preSolution
		Debug|Any CPU = Debug|Any CPU
		Release|Any CPU = Release|Any CPU
	EndGlobalSection
	GlobalSection(ProjectConfigurationPlatforms) = postSolution
		{ABFA8321-215E-4B8B-A9F9-DB5F22557CC7}.Debug|Any CPU.ActiveCfg = Debug|Any CPU
		{ABFA8321-215E-4B8B-A9F9-DB5F22557CC7}.Debug|Any CPU.Build.0 = Debug|Any CPU
		{ABFA8321-215E-4B8B-A9F9-DB5F22557CC7}.Release|Any CPU.ActiveCfg = Release|Any CPU
		{ABFA8321-215E-4B8B-A9F9-DB5F22557CC7}.Release|Any CPU.Build.0 = Release|Any CPU
		{63FF044E-84E6-45ED-9231-95896AEF7A3E}.Debug|Any CPU.ActiveCfg = Debug|Any CPU
		{63FF044E-84E6-45ED-9231-95896AEF7A3E}.Debug|Any CPU.Build.0 = Debug|Any CPU
		{63FF044E-84E6-45ED-9231-95896AEF7A3E}.Release|Any CPU.ActiveCfg = Release|Any CPU
		{63FF044E-84E6-45ED-9231-95896AEF7A3E}.Release|Any CPU.Build.0 = Release|Any CPU
		{ADB9E663-F317-4453-B056-DC4556D4B3CA}.Debug|Any CPU.ActiveCfg = Debug|Any CPU
		{ADB9E663-F317-4453-B056-DC4556D4B3CA}.Debug|Any CPU.Build.0 = Debug|Any CPU
		{ADB9E663-F317-4453-B056-DC4556D4B3CA}.Release|Any CPU.ActiveCfg = Release|Any CPU
		{ADB9E663-F317-4453-B056-DC4556D4B3CA}.Release|Any CPU.Build.0 = Release|Any CPU
	EndGlobalSection
	GlobalSection(SolutionProperties) = preSolution
		HideSolutionNode = FALSE
	EndGlobalSection
	GlobalSection(ExtensibilityGlobals) = postSolution
		SolutionGuid = {E6C6D205-E836-4D01-917E-C236809DE3D5}
	EndGlobalSection
EndGlobal
